<?xml version="1.0" encoding="utf-8"?>
<Project ToolsVersion="4.0" xmlns="http://schemas.microsoft.com/developer/msbuild/2003">
  <ItemGroup>
    <Filter Include="소스 파일">
      <UniqueIdentifier>{4FC737F1-C7A5-4376-A066-2A32D752A2FF}</UniqueIdentifier>
      <Extensions>cpp;c;cc;cxx;c++;cppm;ixx;def;odl;idl;hpj;bat;asm;asmx</Extensions>
    </Filter>
    <Filter Include="헤더 파일">
      <UniqueIdentifier>{93995380-89BD-4b04-88EB-625FBE52EBFB}</UniqueIdentifier>
      <Extensions>h;hh;hpp;hxx;h++;hm;inl;inc;ipp;xsd</Extensions>
    </Filter>
    <Filter Include="리소스 파일">
      <UniqueIdentifier>{67DA6AB6-F800-4c08-8B7A-83BB121AAD01}</UniqueIdentifier>
      <Extensions>rc;ico;cur;bmp;dlg;rc2;rct;bin;rgs;gif;jpg;jpeg;jpe;resx;tiff;tif;png;wav;mfcribbon-ms</Extensions>
    </Filter>
  </ItemGroup>
  <ItemGroup>
    <ClInclude Include="framework.h">
      <Filter>헤더 파일</Filter>
    </ClInclude>
    <ClInclude Include="targetver.h">
      <Filter>헤더 파일</Filter>
    </ClInclude>
    <ClInclude Include="Resource.h">
      <Filter>헤더 파일</Filter>
    </ClInclude>
    <ClInclude Include="Rocket.h">
      <Filter>헤더 파일</Filter>
    </ClInclude>
    <ClInclude Include="Engine.h">
      <Filter>헤더 파일</Filter>
    </ClInclude>
    <ClInclude Include="Util.h">
      <Filter>헤더 파일</Filter>
    </ClInclude>
    <ClInclude Include="IfError.h">
      <Filter>헤더 파일</Filter>
    </ClInclude>
    <ClInclude Include="Frame.h">
      <Filter>헤더 파일</Filter>
    </ClInclude>
    <ClInclude Include="Model.h">
      <Filter>헤더 파일</Filter>
    </ClInclude>
    <ClInclude Include="Buffer.h">
      <Filter>헤더 파일</Filter>
    </ClInclude>
    <ClInclude Include="d3dx12.h">
      <Filter>헤더 파일</Filter>
    </ClInclude>
    <ClInclude Include="Constant.h">
      <Filter>헤더 파일</Filter>
    </ClInclude>
    <ClInclude Include="Camera.h">
      <Filter>헤더 파일</Filter>
    </ClInclude>
    <ClInclude Include="Timer.h">
      <Filter>헤더 파일</Filter>
    </ClInclude>
    <ClInclude Include="Light.h">
      <Filter>헤더 파일</Filter>
    </ClInclude>
    <ClInclude Include="Scene.h">
      <Filter>헤더 파일</Filter>
    </ClInclude>
    <ClInclude Include="DDSTextureLoader.h">
      <Filter>헤더 파일</Filter>
    </ClInclude>
    <ClInclude Include="Texture.h">
      <Filter>헤더 파일</Filter>
    </ClInclude>
    <ClInclude Include="Entity.h">
      <Filter>헤더 파일</Filter>
    </ClInclude>
    <ClInclude Include="Math\Quaternion.h">
      <Filter>헤더 파일</Filter>
    </ClInclude>
    <ClInclude Include="Math\Position.h">
      <Filter>헤더 파일</Filter>
    </ClInclude>
    <ClInclude Include="Clickable.h">
      <Filter>헤더 파일</Filter>
    </ClInclude>
    <ClInclude Include="Unclickable.h">
      <Filter>헤더 파일</Filter>
    </ClInclude>
    <ClInclude Include="Inventory.h">
      <Filter>헤더 파일</Filter>
    </ClInclude>
    <ClInclude Include="Button.h">
      <Filter>헤더 파일</Filter>
    </ClInclude>
    <ClInclude Include="Volume.h">
      <Filter>헤더 파일</Filter>
    </ClInclude>
    <ClInclude Include="VolumeSphere.h">
      <Filter>헤더 파일</Filter>
    </ClInclude>
    <ClInclude Include="VolumeCube.h">
      <Filter>헤더 파일</Filter>
    </ClInclude>
    <ClInclude Include="TextureResource.h">
      <Filter>헤더 파일</Filter>
    </ClInclude>
    <ClInclude Include="Defines.h">
      <Filter>헤더 파일</Filter>
    </ClInclude>
    <ClInclude Include="SpawnSystem.h">
      <Filter>헤더 파일</Filter>
    </ClInclude>
    <ClInclude Include="RigidBody.h">
      <Filter>헤더 파일</Filter>
    </ClInclude>
    <ClInclude Include="RigidBodySystem.h">
      <Filter>헤더 파일</Filter>
    </ClInclude>
    <ClInclude Include="DescriptorManager.h">
      <Filter>헤더 파일</Filter>
    </ClInclude>
    <ClInclude Include="ResourceManager.h">
      <Filter>헤더 파일</Filter>
    </ClInclude>
    <ClInclude Include="PerlinMap.h">
      <Filter>헤더 파일</Filter>
    </ClInclude>
    <ClInclude Include="SceneNode.h">
      <Filter>헤더 파일</Filter>
    </ClInclude>
    <ClInclude Include="MeshManager.h">
      <Filter>헤더 파일</Filter>
    </ClInclude>
    <ClInclude Include="Mesh.h">
      <Filter>헤더 파일</Filter>
    </ClInclude>
    <ClInclude Include="MeshNode.h">
      <Filter>헤더 파일</Filter>
    </ClInclude>
    <ClInclude Include="VolumeNode.h">
      <Filter>헤더 파일</Filter>
    </ClInclude>
    <ClInclude Include="CollisionComponent.h">
      <Filter>헤더 파일</Filter>
    </ClInclude>
    <ClInclude Include="CapsuleCollisionComponent.h">
      <Filter>헤더 파일</Filter>
    </ClInclude>
    <ClInclude Include="SphereCollisionComponent.h">
      <Filter>헤더 파일</Filter>
    </ClInclude>
  </ItemGroup>
  <ItemGroup>
    <ClCompile Include="Rocket.cpp">
      <Filter>소스 파일</Filter>
    </ClCompile>
    <ClCompile Include="Engine.cpp">
      <Filter>소스 파일</Filter>
    </ClCompile>
    <ClCompile Include="Frame.cpp">
      <Filter>소스 파일</Filter>
    </ClCompile>
    <ClCompile Include="Model.cpp">
      <Filter>소스 파일</Filter>
    </ClCompile>
    <ClCompile Include="Buffer.cpp">
      <Filter>소스 파일</Filter>
    </ClCompile>
    <ClCompile Include="Camera.cpp">
      <Filter>소스 파일</Filter>
    </ClCompile>
    <ClCompile Include="Timer.cpp">
      <Filter>소스 파일</Filter>
    </ClCompile>
    <ClCompile Include="Light.cpp">
      <Filter>소스 파일</Filter>
    </ClCompile>
    <ClCompile Include="Scene.cpp">
      <Filter>소스 파일</Filter>
    </ClCompile>
    <ClCompile Include="DDSTextureLoader.cpp">
      <Filter>소스 파일</Filter>
    </ClCompile>
    <ClCompile Include="Math\Quaternion.cpp">
      <Filter>소스 파일</Filter>
    </ClCompile>
    <ClCompile Include="Math\Position.cpp">
      <Filter>소스 파일</Filter>
    </ClCompile>
    <ClCompile Include="Entity.cpp">
      <Filter>소스 파일</Filter>
    </ClCompile>
    <ClCompile Include="Clickable.cpp">
      <Filter>소스 파일</Filter>
    </ClCompile>
    <ClCompile Include="Unclickable.cpp">
      <Filter>소스 파일</Filter>
    </ClCompile>
    <ClCompile Include="Inventory.cpp">
      <Filter>소스 파일</Filter>
    </ClCompile>
    <ClCompile Include="Button.cpp">
      <Filter>소스 파일</Filter>
    </ClCompile>
    <ClCompile Include="Volume.cpp">
      <Filter>소스 파일</Filter>
    </ClCompile>
    <ClCompile Include="VolumeSphere.cpp">
      <Filter>소스 파일</Filter>
    </ClCompile>
    <ClCompile Include="VolumeCube.cpp">
      <Filter>소스 파일</Filter>
    </ClCompile>
    <ClCompile Include="TextureResource.cpp">
      <Filter>소스 파일</Filter>
    </ClCompile>
    <ClCompile Include="SpawnSystem.cpp">
      <Filter>소스 파일</Filter>
    </ClCompile>
    <ClCompile Include="RigidBody.cpp">
      <Filter>소스 파일</Filter>
    </ClCompile>
    <ClCompile Include="RigidBodySystem.cpp">
      <Filter>소스 파일</Filter>
    </ClCompile>
    <ClCompile Include="DescriptorManager.cpp">
      <Filter>소스 파일</Filter>
    </ClCompile>
    <ClCompile Include="ResourceManager.cpp">
      <Filter>소스 파일</Filter>
    </ClCompile>
    <ClCompile Include="PerlinMap.cpp">
      <Filter>소스 파일</Filter>
    </ClCompile>
    <ClCompile Include="SceneNode.cpp">
      <Filter>소스 파일</Filter>
    </ClCompile>
    <ClCompile Include="MeshManager.cpp">
      <Filter>소스 파일</Filter>
    </ClCompile>
    <ClCompile Include="Mesh.cpp">
      <Filter>소스 파일</Filter>
    </ClCompile>
    <ClCompile Include="MeshNode.cpp">
      <Filter>소스 파일</Filter>
    </ClCompile>
    <ClCompile Include="VolumeNode.cpp">
      <Filter>소스 파일</Filter>
    </ClCompile>
    <ClCompile Include="CapsuleCollisionComponent.cpp">
      <Filter>소스 파일</Filter>
    </ClCompile>
    <ClCompile Include="SphereCollisionComponent.cpp">
      <Filter>소스 파일</Filter>
    </ClCompile>
    <ClCompile Include="CollisionComponent.cpp">
      <Filter>소스 파일</Filter>
    </ClCompile>
  </ItemGroup>
  <ItemGroup>
    <ResourceCompile Include="Rocket.rc">
      <Filter>리소스 파일</Filter>
    </ResourceCompile>
  </ItemGroup>
  <ItemGroup>
    <Image Include="small.ico">
      <Filter>리소스 파일</Filter>
    </Image>
    <Image Include="Rocket.ico">
      <Filter>리소스 파일</Filter>
    </Image>
  </ItemGroup>
  <ItemGroup>
    <FxCompile Include="Shader.hlsl" />
    <FxCompile Include="VolumeSphereShader.hlsl" />
    <FxCompile Include="VolumeCubeShader.hlsl" />
    <FxCompile Include="WorldShader.hlsl" />
    <FxCompile Include="ParticleShader.hlsl" />
    <FxCompile Include="RigidParticleShader.hlsl" />
    <FxCompile Include="DepthPeelingShader.hlsl" />
    <FxCompile Include="ParticleUploadShader.hlsl" />
    <FxCompile Include="GridShader.hlsl" />
    <FxCompile Include="CreateParticles.hlsl" />
    <FxCompile Include="particlePosition.hlsl" />
    <FxCompile Include="ParticleVelocity.hlsl" />
    <FxCompile Include="RigidInertia.hlsl" />
    <FxCompile Include="Collision.hlsl" />
    <FxCompile Include="RigidMomentum.hlsl" />
    <FxCompile Include="RigidPosQuat.hlsl" />
    <FxCompile Include="planet.hlsl" />
  </ItemGroup>
</Project>